{
  "lockfileVersion": 1,
  "configVersion": 1,
  "workspaces": {
    "": {
      "name": "saralogy-workflow-scripts",
      "dependencies": {
        "@anthropic-ai/sdk": "^0.55.0",
      },
    },
  },
  "packages": {
    "@anthropic-ai/sdk": ["@anthropic-ai/sdk@0.55.1", "", { "bin": { "anthropic-ai-sdk": "bin/cli" } }, "sha512-gjOMS4chmm8BxClKmCjNHmvf1FrO1Cn++CSX6K3YCZjz5JG4I9ZttQ/xEH4FBsz6HQyZvnUpiKlOAkmxaGmEaQ=="],
  }
}
